
Microsoft Visual Studio Solution File, Format Version 12.00
# Visual Studio 2017
Project("{FAE04EC0-301F-11D3-BF4B-00C04F79EFBC}") = "Maliao2D", "Maliao2D.csproj", "{4F7BA686-3C24-4B4D-C596-D1005AA9B5D0}"
EndProject
Project("{FAE04EC0-301F-11D3-BF4B-00C04F79EFBC}") = "Maliao2D.Editor", "Maliao2D.Editor.csproj", "{BD736F5A-A680-1B60-331C-5E9E8B632599}"
EndProject
Global
	GlobalSection(SolutionConfigurationPlatforms) = preSolution
		Debug|Any CPU = Debug|Any CPU
		Release|Any CPU = Release|Any CPU
	EndGlobalSection
	GlobalSection(ProjectConfigurationPlatforms) = postSolution
		{4F7BA686-3C24-4B4D-C596-D1005AA9B5D0}.Debug|Any CPU.ActiveCfg = Debug|Any CPU
		{4F7BA686-3C24-4B4D-C596-D1005AA9B5D0}.Debug|Any CPU.Build.0 = Debug|Any CPU
		{4F7BA686-3C24-4B4D-C596-D1005AA9B5D0}.Release|Any CPU.ActiveCfg = Release|Any CPU
		{4F7BA686-3C24-4B4D-C596-D1005AA9B5D0}.Release|Any CPU.Build.0 = Release|Any CPU
		{BD736F5A-A680-1B60-331C-5E9E8B632599}.Debug|Any CPU.ActiveCfg = Debug|Any CPU
		{BD736F5A-A680-1B60-331C-5E9E8B632599}.Debug|Any CPU.Build.0 = Debug|Any CPU
		{BD736F5A-A680-1B60-331C-5E9E8B632599}.Release|Any CPU.ActiveCfg = Release|Any CPU
		{BD736F5A-A680-1B60-331C-5E9E8B632599}.Release|Any CPU.Build.0 = Release|Any CPU
	EndGlobalSection
	GlobalSection(SolutionProperties) = preSolution
		HideSolutionNode = FALSE
	EndGlobalSection
EndGlobal
